AI-OCKMS Digital Thread Knowledge Graph Integration
CRAD Seedling QuadchartTitle: AI-Enabled OCKMS Digital Thread Knowledge Graph
Subtitle: Natural Language Access to Manufacturing IntelligenceQUADRANT 1: PROBLEM OBJECTIVESOpportunity Statement
Operations teams cannot answer foundational manufacturing questions (station utilization, true yield, slot performance) or it takes 4-48 hours due to technical barriers in accessing TDMS/OCKMS knowledge graph data. 90% of stakeholders lack SQL/SPARQL expertise, creating dependency on data analysts and preventing real-time operational decisions. An LLM-based natural language interface can democratize access to manufacturing intelligence.Project Description
Deploy Large Language Models (LLMs) as a natural language interface to the OCKMS digital thread knowledge graph, enabling conversational access to TDMS test data. The system translates user queries in plain English into SPARQL queries against a formal manufacturing ontology (BFO-aligned), executes queries on RDF/OWL knowledge graph, and synthesizes results into natural language responses with visualizations. Architecture: User Query → LLM Agent → SPARQL Generation → TDMS KG → JSON Results → Natural Language Answer + Dashboard.Objectives / Success Criteria

Query Accuracy: LLM generates syntactically correct SPARQL for ≥95% of test queries with results matching manual calculations within 2% margin
Response Time: Query latency <5 seconds for 90th percentile
User Adoption: 80% task completion rate by non-technical users with >4/5 satisfaction score
Performance Improvement: 10× faster than current practice (validated with real users)
Security: Zero data leakage events; private LLM deployment passes security audit
Deliverables
Month 3 (Milestone 1):

LLM-to-SPARQL translation engine for 3 core TDMS queries (utilization, yield, slot performance)
TDMS knowledge graph prototype with 10,000 test records from Collins Milwaukee
Technical validation report: accuracy analysis, latency benchmarks, security architecture
Month 5 (Milestone 2):

Functional alpha system: web-based chat interface with 20+ query patterns
User acceptance testing results from 15 Collins users
Business case validation with ROI model
Live demonstration to CRAD and RTX leadership
QUADRANT 2: BENEFITS / RISKSBenefits / Measure of Effectiveness (MOE) / Return on Investment (ROI)Speed (MOE: Query Response Time)

Current: 4-48 hours | Target: 5 seconds | Improvement: 480-34,560× speedup
Access (MOE: % Stakeholders with Self-Service Capability)

Current: 5-10% | Target: 90% | Improvement: 9-18× increase in data accessibility
Analyst Productivity (MOE: Hours Saved per Week)

Current: 100% manual queries | Target: 60-80% reduction in routine queries | Savings: 3 FTE per site
Cost Avoidance (ROI per Manufacturing Site):

Analyst time savings: $450K/year
Yield improvement (2% gain): $2M/year
Faster root cause analysis: $500K/year
Total: $3M/year per site
RTX Enterprise ROI:

Investment: $120K seedling + $500K Phase I = $620K total R&D
Single site payback: 3-6 months
Enterprise potential: $200M+/year (70 sites across Collins, P&W, Raytheon)
5-year ROI: 19,000%
Benefit Recipient

CRAD Agencies: TRL 3→5 advancement; reusable LLM-KG architecture for DoD manufacturing; 2-3 technical publications; 1-2 patent applications
RTX Customers (DoD Programs): 30% improvement in decision quality; 15-25% reduction in defect escapes; real-time operational intelligence
RTX Business Units: $3M/year cost avoidance per site; competitive differentiation in operational excellence; foundation for AI-driven manufacturing
Risks / BarriersTechnical Risks:

Query Generation Accuracy (High): LLM may generate incorrect SPARQL | Mitigation: Ontology-constrained generation, validation layer, human-in-the-loop for novel queries
Response Hallucination (High): LLM invents data not in KG | Mitigation: Strict grounding to SPARQL results, citation of source triples, confidence scoring
Scalability/Performance (Medium): Slow responses discourage usage | Mitigation: Query optimization, caching, asynchronous processing
Organizational Risks:

User Adoption/Trust (Medium): Skepticism of AI-generated answers | Mitigation: Gradual rollout, validation dashboard showing query logic, ability to view raw SPARQL
Security/Data Privacy (High): Manufacturing data leakage | Mitigation: Private LLM deployment (no external APIs), role-based access control
Seedling Risk Reduction: Validates highest-risk assumptions (query accuracy, user trust) on 3 core questions before scaling; establishes security architecture early; low investment ($120K) limits downside exposure.
